{
  "name": "hawtio-frent-end",
  "version": "1.0.0",
  "lockfileVersion": 3,
  "requires": true,
  "packages": {
    "": {
      "name": "hawtio-frent-end",
      "version": "1.0.0",
      "license": "ISC",
      "dependencies": {
        "hawtio-frent-end": "file:"
      }
    },
    "node_modules/hawtio-frent-end": {
      "resolved": "",
      "link": true
    }
  }
}
